{
    "_meta": {
        "hash": {
            "sha256": "cfc04a46f22dd1607023aba77bb0d7cb4ec034f43f5fc7bde58c86454b747a1e"
        },
        "pipfile-spec": 6,
        "requires": {
            "python_version": "3.8"
        },
        "sources": [
            {
                "name": "pypi",
                "url": "https://pypi.org/simple",
                "verify_ssl": true
            }
        ]
    },
    "default": {
        "pybind11": {
            "hashes": [
                "sha256:40f8e57af6fcaa7eb5d727707125f90f8daa0993f28a9981a232d40c85dbbcb0",
                "sha256:b570d17ed34b0f8ff43f5647833db87353be9afca0c7d1d69e92706b10a9c961"
            ],
            "index": "pypi",
            "version": "==2.9.1"
        }
    },
    "develop": {}
}
